
Microsoft Visual Studio Solution File, Format Version 12.00
# Visual Studio 15
VisualStudioVersion = 15.0.27130.2003
MinimumVisualStudioVersion = 10.0.40219.1
Project("{9A19103F-16F7-4668-BE54-9A1E7A4F7556}") = "PerpetualShred", "PerpetualShred\PerpetualShred.csproj", "{4705C710-D10F-44A2-A849-D7F07D5378AF}"
EndProject
Project("{9A19103F-16F7-4668-BE54-9A1E7A4F7556}") = "ShredCrawl", "ShredCrawl\ShredCrawl.csproj", "{92E5E899-6DC2-492D-9B05-30D1BA4018D9}"
EndProject
Global
	GlobalSection(SolutionConfigurationPlatforms) = preSolution
		Debug|Any CPU = Debug|Any CPU
		Release|Any CPU = Release|Any CPU
	EndGlobalSection
	GlobalSection(ProjectConfigurationPlatforms) = postSolution
		{4705C710-D10F-44A2-A849-D7F07D5378AF}.Debug|Any CPU.ActiveCfg = Debug|Any CPU
		{4705C710-D10F-44A2-A849-D7F07D5378AF}.Debug|Any CPU.Build.0 = Debug|Any CPU
		{4705C710-D10F-44A2-A849-D7F07D5378AF}.Release|Any CPU.ActiveCfg = Release|Any CPU
		{4705C710-D10F-44A2-A849-D7F07D5378AF}.Release|Any CPU.Build.0 = Release|Any CPU
		{92E5E899-6DC2-492D-9B05-30D1BA4018D9}.Debug|Any CPU.ActiveCfg = Debug|Any CPU
		{92E5E899-6DC2-492D-9B05-30D1BA4018D9}.Debug|Any CPU.Build.0 = Debug|Any CPU
		{92E5E899-6DC2-492D-9B05-30D1BA4018D9}.Release|Any CPU.ActiveCfg = Release|Any CPU
		{92E5E899-6DC2-492D-9B05-30D1BA4018D9}.Release|Any CPU.Build.0 = Release|Any CPU
	EndGlobalSection
	GlobalSection(SolutionProperties) = preSolution
		HideSolutionNode = FALSE
	EndGlobalSection
	GlobalSection(ExtensibilityGlobals) = postSolution
		SolutionGuid = {0ECDF016-86CC-418B-B81C-A8F013A243A6}
	EndGlobalSection
EndGlobal
